// !$*UTF8*$!
{
	archiveVersion = 1;
	classes = {
	};
	objectVersion = 46;
	objects = {

/* Begin PBXBuildFile section */
		B62C83F41D0A57FE00A7D7C4 /* main.m in Sources */ = {isa = PBXBuildFile; fileRef = B62C83F31D0A57FE00A7D7C4 /* main.m */; };
		B62C83F71D0A57FE00A7D7C4 /* AppDelegate.m in Sources */ = {isa = PBXBuildFile; fileRef = B62C83F61D0A57FE00A7D7C4 /* AppDelegate.m */; };
		B62C83FA1D0A57FE00A7D7C4 /* ViewController.m in Sources */ = {isa = PBXBuildFile; fileRef = B62C83F91D0A57FE00A7D7C4 /* ViewController.m */; };
		B62C83FD1D0A57FE00A7D7C4 /* Main.storyboard in Resources */ = {isa = PBXBuildFile; fileRef = B62C83FB1D0A57FE00A7D7C4 /* Main.storyboard */; };
		B62C83FF1D0A57FE00A7D7C4 /* Assets.xcassets in Resources */ = {isa = PBXBuildFile; fileRef = B62C83FE1D0A57FE00A7D7C4 /* Assets.xcassets */; };
		B62C84021D0A57FE00A7D7C4 /* LaunchScreen.storyboard in Resources */ = {isa = PBXBuildFile; fileRef = B62C84001D0A57FE00A7D7C4 /* LaunchScreen.storyboard */; };
		B62C840B1D0A587100A7D7C4 /* JFServiceModel.m in Sources */ = {isa = PBXBuildFile; fileRef = B62C840A1D0A587100A7D7C4 /* JFServiceModel.m */; };
		B62C840E1D0A58C500A7D7C4 /* JFViewModel.m in Sources */ = {isa = PBXBuildFile; fileRef = B62C840D1D0A58C500A7D7C4 /* JFViewModel.m */; };
		B6BF578C1D1FFD9F0070C3F7 /* NSObject+Properties.m in Sources */ = {isa = PBXBuildFile; fileRef = B6BF578B1D1FFD9F0070C3F7 /* NSObject+Properties.m */; };
		B6BF578F1D1FFDB90070C3F7 /* JFConvertModel.m in Sources */ = {isa = PBXBuildFile; fileRef = B6BF578E1D1FFDB90070C3F7 /* JFConvertModel.m */; };
/* End PBXBuildFile section */

/* Begin PBXFileReference section */
		B62C83EF1D0A57FE00A7D7C4 /* ConvertModel.app */ = {isa = PBXFileReference; explicitFileType = wrapper.application; includeInIndex = 0; path = ConvertModel.app; sourceTree = BUILT_PRODUCTS_DIR; };
		B62C83F31D0A57FE00A7D7C4 /* main.m */ = {isa = PBXFileReference; lastKnownFileType = sourcecode.c.objc; path = main.m; sourceTree = "<group>"; };
		B62C83F51D0A57FE00A7D7C4 /* AppDelegate.h */ = {isa = PBXFileReference; lastKnownFileType = sourcecode.c.h; path = AppDelegate.h; sourceTree = "<group>"; };
		B62C83F61D0A57FE00A7D7C4 /* AppDelegate.m */ = {isa = PBXFileReference; lastKnownFileType = sourcecode.c.objc; path = AppDelegate.m; sourceTree = "<group>"; };
		B62C83F81D0A57FE00A7D7C4 /* ViewController.h */ = {isa = PBXFileReference; lastKnownFileType = sourcecode.c.h; path = ViewController.h; sourceTree = "<group>"; };
		B62C83F91D0A57FE00A7D7C4 /* ViewController.m */ = {isa = PBXFileReference; lastKnownFileType = sourcecode.c.objc; path = ViewController.m; sourceTree = "<group>"; };
		B62C83FC1D0A57FE00A7D7C4 /* Base */ = {isa = PBXFileReference; lastKnownFileType = file.storyboard; name = Base; path = Base.lproj/Main.storyboard; sourceTree = "<group>"; };
		B62C83FE1D0A57FE00A7D7C4 /* Assets.xcassets */ = {isa = PBXFileReference; lastKnownFileType = folder.assetcatalog; path = Assets.xcassets; sourceTree = "<group>"; };
		B62C84011D0A57FE00A7D7C4 /* Base */ = {isa = PBXFileReference; lastKnownFileType = file.storyboard; name = Base; path = Base.lproj/LaunchScreen.storyboard; sourceTree = "<group>"; };
		B62C84031D0A57FE00A7D7C4 /* Info.plist */ = {isa = PBXFileReference; lastKnownFileType = text.plist.xml; path = Info.plist; sourceTree = "<group>"; };
		B62C84091D0A587100A7D7C4 /* JFServiceModel.h */ = {isa = PBXFileReference; fileEncoding = 4; lastKnownFileType = sourcecode.c.h; path = JFServiceModel.h; sourceTree = "<group>"; };
		B62C840A1D0A587100A7D7C4 /* JFServiceModel.m */ = {isa = PBXFileReference; fileEncoding = 4; lastKnownFileType = sourcecode.c.objc; path = JFServiceModel.m; sourceTree = "<group>"; };
		B62C840C1D0A58C500A7D7C4 /* JFViewModel.h */ = {isa = PBXFileReference; fileEncoding = 4; lastKnownFileType = sourcecode.c.h; path = JFViewModel.h; sourceTree = "<group>"; };
		B62C840D1D0A58C500A7D7C4 /* JFViewModel.m */ = {isa = PBXFileReference; fileEncoding = 4; lastKnownFileType = sourcecode.c.objc; path = JFViewModel.m; sourceTree = "<group>"; };
		B6BF578A1D1FFD9F0070C3F7 /* NSObject+Properties.h */ = {isa = PBXFileReference; fileEncoding = 4; lastKnownFileType = sourcecode.c.h; path = "NSObject+Properties.h"; sourceTree = "<group>"; };
		B6BF578B1D1FFD9F0070C3F7 /* NSObject+Properties.m */ = {isa = PBXFileReference; fileEncoding = 4; lastKnownFileType = sourcecode.c.objc; path = "NSObject+Properties.m"; sourceTree = "<group>"; };
		B6BF578D1D1FFDB90070C3F7 /* JFConvertModel.h */ = {isa = PBXFileReference; fileEncoding = 4; lastKnownFileType = sourcecode.c.h; path = JFConvertModel.h; sourceTree = "<group>"; };
		B6BF578E1D1FFDB90070C3F7 /* JFConvertModel.m */ = {isa = PBXFileReference; fileEncoding = 4; lastKnownFileType = sourcecode.c.objc; path = JFConvertModel.m; sourceTree = "<group>"; };
/* End PBXFileReference section */

/* Begin PBXFrameworksBuildPhase section */
		B62C83EC1D0A57FE00A7D7C4 /* Frameworks */ = {
			isa = PBXFrameworksBuildPhase;
			buildActionMask = 2147483647;
			files = (
			);
			runOnlyForDeploymentPostprocessing = 0;
		};
/* End PBXFrameworksBuildPhase section */

/* Begin PBXGroup section */
		B62C83E61D0A57FE00A7D7C4 = {
			isa = PBXGroup;
			children = (
				B62C83F11D0A57FE00A7D7C4 /* ConvertModel */,
				B62C83F01D0A57FE00A7D7C4 /* Products */,
			);
			sourceTree = "<group>";
		};
		B62C83F01D0A57FE00A7D7C4 /* Products */ = {
			isa = PBXGroup;
			children = (
				B62C83EF1D0A57FE00A7D7C4 /* ConvertModel.app */,
			);
			name = Products;
			sourceTree = "<group>";
		};
		B62C83F11D0A57FE00A7D7C4 /* ConvertModel */ = {
			isa = PBXGroup;
			children = (
				B6BF57881D1FFD9F0070C3F7 /* ConvertModel */,
				B62C83F51D0A57FE00A7D7C4 /* AppDelegate.h */,
				B62C83F61D0A57FE00A7D7C4 /* AppDelegate.m */,
				B62C83F81D0A57FE00A7D7C4 /* ViewController.h */,
				B62C83F91D0A57FE00A7D7C4 /* ViewController.m */,
				B62C83FB1D0A57FE00A7D7C4 /* Main.storyboard */,
				B62C84091D0A587100A7D7C4 /* JFServiceModel.h */,
				B62C840A1D0A587100A7D7C4 /* JFServiceModel.m */,
				B62C840C1D0A58C500A7D7C4 /* JFViewModel.h */,
				B62C840D1D0A58C500A7D7C4 /* JFViewModel.m */,
				B62C83FE1D0A57FE00A7D7C4 /* Assets.xcassets */,
				B62C84001D0A57FE00A7D7C4 /* LaunchScreen.storyboard */,
				B62C84031D0A57FE00A7D7C4 /* Info.plist */,
				B62C83F21D0A57FE00A7D7C4 /* Supporting Files */,
			);
			path = ConvertModel;
			sourceTree = "<group>";
		};
		B62C83F21D0A57FE00A7D7C4 /* Supporting Files */ = {
			isa = PBXGroup;
			children = (
				B62C83F31D0A57FE00A7D7C4 /* main.m */,
			);
			name = "Supporting Files";
			sourceTree = "<group>";
		};
		B6BF57881D1FFD9F0070C3F7 /* ConvertModel */ = {
			isa = PBXGroup;
			children = (
				B6BF57891D1FFD9F0070C3F7 /* Categories */,
				B6BF578D1D1FFDB90070C3F7 /* JFConvertModel.h */,
				B6BF578E1D1FFDB90070C3F7 /* JFConvertModel.m */,
			);
			path = ConvertModel;
			sourceTree = "<group>";
		};
		B6BF57891D1FFD9F0070C3F7 /* Categories */ = {
			isa = PBXGroup;
			children = (
				B6BF578A1D1FFD9F0070C3F7 /* NSObject+Properties.h */,
				B6BF578B1D1FFD9F0070C3F7 /* NSObject+Properties.m */,
			);
			path = Categories;
			sourceTree = "<group>";
		};
/* End PBXGroup section */

/* Begin PBXNativeTarget section */
		B62C83EE1D0A57FE00A7D7C4 /* ConvertModel */ = {
			isa = PBXNativeTarget;
			buildConfigurationList = B62C84061D0A57FE00A7D7C4 /* Build configuration list for PBXNativeTarget "ConvertModel" */;
			buildPhases = (
				B62C83EB1D0A57FE00A7D7C4 /* Sources */,
				B62C83EC1D0A57FE00A7D7C4 /* Frameworks */,
				B62C83ED1D0A57FE00A7D7C4 /* Resources */,
			);
			buildRules = (
			);
			dependencies = (
			);
			name = ConvertModel;
			productName = ConvertModel;
			productReference = B62C83EF1D0A57FE00A7D7C4 /* ConvertModel.app */;
			productType = "com.apple.product-type.application";
		};
/* End PBXNativeTarget section */

/* Begin PBXProject section */
		B62C83E71D0A57FE00A7D7C4 /* Project object */ = {
			isa = PBXProject;
			attributes = {
				LastUpgradeCheck = 0720;
				ORGANIZATIONNAME = JunfengLi;
				TargetAttributes = {
					B62C83EE1D0A57FE00A7D7C4 = {
						CreatedOnToolsVersion = 7.2;
						DevelopmentTeam = JM97U7CRE6;
					};
				};
			};
			buildConfigurationList = B62C83EA1D0A57FE00A7D7C4 /* Build configuration list for PBXProject "ConvertModel" */;
			compatibilityVersion = "Xcode 3.2";
			developmentRegion = English;
			hasScannedForEncodings = 0;
			knownRegions = (
				en,
				Base,
			);
			mainGroup = B62C83E61D0A57FE00A7D7C4;
			productRefGroup = B62C83F01D0A57FE00A7D7C4 /* Products */;
			projectDirPath = "";
			projectRoot = "";
			targets = (
				B62C83EE1D0A57FE00A7D7C4 /* ConvertModel */,
			);
		};
/* End PBXProject section */

/* Begin PBXResourcesBuildPhase section */
		B62C83ED1D0A57FE00A7D7C4 /* Resources */ = {
			isa = PBXResourcesBuildPhase;
			buildActionMask = 2147483647;
			files = (
				B62C84021D0A57FE00A7D7C4 /* LaunchScreen.storyboard in Resources */,
				B62C83FF1D0A57FE00A7D7C4 /* Assets.xcassets in Resources */,
				B62C83FD1D0A57FE00A7D7C4 /* Main.storyboard in Resources */,
			);
			runOnlyForDeploymentPostprocessing = 0;
		};
/* End PBXResourcesBuildPhase section */

/* Begin PBXSourcesBuildPhase section */
		B62C83EB1D0A57FE00A7D7C4 /* Sources */ = {
			isa = PBXSourcesBuildPhase;
			buildActionMask = 2147483647;
			files = (
				B62C83FA1D0A57FE00A7D7C4 /* ViewController.m in Sources */,
				B62C840B1D0A587100A7D7C4 /* JFServiceModel.m in Sources */,
				B6BF578C1D1FFD9F0070C3F7 /* NSObject+Properties.m in Sources */,
				B6BF578F1D1FFDB90070C3F7 /* JFConvertModel.m in Sources */,
				B62C83F71D0A57FE00A7D7C4 /* AppDelegate.m in Sources */,
				B62C83F41D0A57FE00A7D7C4 /* main.m in Sources */,
				B62C840E1D0A58C500A7D7C4 /* JFViewModel.m in Sources */,
			);
			runOnlyForDeploymentPostprocessing = 0;
		};
/* End PBXSourcesBuildPhase section */

/* Begin PBXVariantGroup section */
		B62C83FB1D0A57FE00A7D7C4 /* Main.storyboard */ = {
			isa = PBXVariantGroup;
			children = (
				B62C83FC1D0A57FE00A7D7C4 /* Base */,
			);
			name = Main.storyboard;
			sourceTree = "<group>";
		};
		B62C84001D0A57FE00A7D7C4 /* LaunchScreen.storyboard */ = {
			isa = PBXVariantGroup;
			children = (
				B62C84011D0A57FE00A7D7C4 /* Base */,
			);
			name = LaunchScreen.storyboard;
			sourceTree = "<group>";
		};
/* End PBXVariantGroup section */

/* Begin XCBuildConfiguration section */
		B62C84041D0A57FE00A7D7C4 /* Debug */ = {
			isa = XCBuildConfiguration;
			buildSettings = {
				ALWAYS_SEARCH_USER_PATHS = NO;
				CLANG_CXX_LANGUAGE_STANDARD = "gnu++0x";
				CLANG_CXX_LIBRARY = "libc++";
				CLANG_ENABLE_MODULES = YES;
				CLANG_ENABLE_OBJC_ARC = YES;
				CLANG_WARN_BOOL_CONVERSION = YES;
				CLANG_WARN_CONSTANT_CONVERSION = YES;
				CLANG_WARN_DIRECT_OBJC_ISA_USAGE = YES_ERROR;
				CLANG_WARN_EMPTY_BODY = YES;
				CLANG_WARN_ENUM_CONVERSION = YES;
				CLANG_WARN_INT_CONVERSION = YES;
				CLANG_WARN_OBJC_ROOT_CLASS = YES_ERROR;
				CLANG_WARN_UNREACHABLE_CODE = YES;
				CLANG_WARN__DUPLICATE_METHOD_MATCH = YES;
				"CODE_SIGN_IDENTITY[sdk=iphoneos*]" = "iPhone Developer";
				COPY_PHASE_STRIP = NO;
				DEBUG_INFORMATION_FORMAT = dwarf;
				ENABLE_STRICT_OBJC_MSGSEND = YES;
				ENABLE_TESTABILITY = YES;
				GCC_C_LANGUAGE_STANDARD = gnu99;
				GCC_DYNAMIC_NO_PIC = NO;
				GCC_NO_COMMON_BLOCKS = YES;
				GCC_OPTIMIZATION_LEVEL = 0;
				GCC_PREPROCESSOR_DEFINITIONS = (
					"DEBUG=1",
					"$(inherited)",
				);
				GCC_WARN_64_TO_32_BIT_CONVERSION = YES;
				GCC_WARN_ABOUT_RETURN_TYPE = YES_ERROR;
				GCC_WARN_UNDECLARED_SELECTOR = YES;
				GCC_WARN_UNINITIALIZED_AUTOS = YES_AGGRESSIVE;
				GCC_WARN_UNUSED_FUNCTION = YES;
				GCC_WARN_UNUSED_VARIABLE = YES;
				IPHONEOS_DEPLOYMENT_TARGET = 9.2;
				MTL_ENABLE_DEBUG_INFO = YES;
				ONLY_ACTIVE_ARCH = YES;
				SDKROOT = iphoneos;
			};
			name = Debug;
		};
		B62C84051D0A57FE00A7D7C4 /* Release */ = {
			isa = XCBuildConfiguration;
			buildSettings = {
				ALWAYS_SEARCH_USER_PATHS = NO;
				CLANG_CXX_LANGUAGE_STANDARD = "gnu++0x";
				CLANG_CXX_LIBRARY = "libc++";
				CLANG_ENABLE_MODULES = YES;
				CLANG_ENABLE_OBJC_ARC = YES;
				CLANG_WARN_BOOL_CONVERSION = YES;
				CLANG_WARN_CONSTANT_CONVERSION = YES;
				CLANG_WARN_DIRECT_OBJC_ISA_USAGE = YES_ERROR;
				CLANG_WARN_EMPTY_BODY = YES;
				CLANG_WARN_ENUM_CONVERSION = YES;
				CLANG_WARN_INT_CONVERSION = YES;
				CLANG_WARN_OBJC_ROOT_CLASS = YES_ERROR;
				CLANG_WARN_UNREACHABLE_CODE = YES;
				CLANG_WARN__DUPLICATE_METHOD_MATCH = YES;
				"CODE_SIGN_IDENTITY[sdk=iphoneos*]" = "iPhone Developer";
				COPY_PHASE_STRIP = NO;
				DEBUG_INFORMATION_FORMAT = "dwarf-with-dsym";
				ENABLE_NS_ASSERTIONS = NO;
				ENABLE_STRICT_OBJC_MSGSEND = YES;
				GCC_C_LANGUAGE_STANDARD = gnu99;
				GCC_NO_COMMON_BLOCKS = YES;
				GCC_WARN_64_TO_32_BIT_CONVERSION = YES;
				GCC_WARN_ABOUT_RETURN_TYPE = YES_ERROR;
				GCC_WARN_UNDECLARED_SELECTOR = YES;
				GCC_WARN_UNINITIALIZED_AUTOS = YES_AGGRESSIVE;
				GCC_WARN_UNUSED_FUNCTION = YES;
				GCC_WARN_UNUSED_VARIABLE = YES;
				IPHONEOS_DEPLOYMENT_TARGET = 9.2;
				MTL_ENABLE_DEBUG_INFO = NO;
				SDKROOT = iphoneos;
				VALIDATE_PRODUCT = YES;
			};
			name = Release;
		};
		B62C84071D0A57FE00A7D7C4 /* Debug */ = {
			isa = XCBuildConfiguration;
			buildSettings = {
				ASSETCATALOG_COMPILER_APPICON_NAME = AppIcon;
				CODE_SIGN_IDENTITY = "iPhone Developer";
				INFOPLIST_FILE = ConvertModel/Info.plist;
				IPHONEOS_DEPLOYMENT_TARGET = 9.0;
				LD_RUNPATH_SEARCH_PATHS = "$(inherited) @executable_path/Frameworks";
				PRODUCT_BUNDLE_IDENTIFIER = com.jfl.ConvertModel;
				PRODUCT_NAME = "$(TARGET_NAME)";
			};
			name = Debug;
		};
		B62C84081D0A57FE00A7D7C4 /* Release */ = {
			isa = XCBuildConfiguration;
			buildSettings = {
				ASSETCATALOG_COMPILER_APPICON_NAME = AppIcon;
				CODE_SIGN_IDENTITY = "iPhone Developer";
				INFOPLIST_FILE = ConvertModel/Info.plist;
				IPHONEOS_DEPLOYMENT_TARGET = 9.0;
				LD_RUNPATH_SEARCH_PATHS = "$(inherited) @executable_path/Frameworks";
				PRODUCT_BUNDLE_IDENTIFIER = com.jfl.ConvertModel;
				PRODUCT_NAME = "$(TARGET_NAME)";
			};
			name = Release;
		};
/* End XCBuildConfiguration section */

/* Begin XCConfigurationList section */
		B62C83EA1D0A57FE00A7D7C4 /* Build configuration list for PBXProject "ConvertModel" */ = {
			isa = XCConfigurationList;
			buildConfigurations = (
				B62C84041D0A57FE00A7D7C4 /* Debug */,
				B62C84051D0A57FE00A7D7C4 /* Release */,
			);
			defaultConfigurationIsVisible = 0;
			defaultConfigurationName = Release;
		};
		B62C84061D0A57FE00A7D7C4 /* Build configuration list for PBXNativeTarget "ConvertModel" */ = {
			isa = XCConfigurationList;
			buildConfigurations = (
				B62C84071D0A57FE00A7D7C4 /* Debug */,
				B62C84081D0A57FE00A7D7C4 /* Release */,
			);
			defaultConfigurationIsVisible = 0;
			defaultConfigurationName = Release;
		};
/* End XCConfigurationList section */
	};
	rootObject = B62C83E71D0A57FE00A7D7C4 /* Project object */;
}
